
Microsoft Visual Studio Solution File, Format Version 12.00
# Visual Studio 2015
Project("{FAE04EC0-301F-11D3-BF4B-00C04F79EFBC}") = "BowlMaster.CSharp", "BowlMaster.CSharp.csproj", "{EAECFC94-6DEF-F2BB-D683-E3704510FD4F}"
EndProject
Project("{FAE04EC0-301F-11D3-BF4B-00C04F79EFBC}") = "BowlMaster.Test", "..\BowlMaster.Test\BowlMaster.Test.csproj", "{BA629D5B-0FF4-41CC-A9F7-464B5680DA9C}"
EndProject
Global
	GlobalSection(SolutionConfigurationPlatforms) = preSolution
		Debug|Any CPU = Debug|Any CPU
		Release|Any CPU = Release|Any CPU
	EndGlobalSection
	GlobalSection(ProjectConfigurationPlatforms) = postSolution
		{EAECFC94-6DEF-F2BB-D683-E3704510FD4F}.Debug|Any CPU.ActiveCfg = Debug|Any CPU
		{EAECFC94-6DEF-F2BB-D683-E3704510FD4F}.Debug|Any CPU.Build.0 = Debug|Any CPU
		{EAECFC94-6DEF-F2BB-D683-E3704510FD4F}.Release|Any CPU.ActiveCfg = Release|Any CPU
		{EAECFC94-6DEF-F2BB-D683-E3704510FD4F}.Release|Any CPU.Build.0 = Release|Any CPU
		{BA629D5B-0FF4-41CC-A9F7-464B5680DA9C}.Debug|Any CPU.ActiveCfg = Debug|Any CPU
		{BA629D5B-0FF4-41CC-A9F7-464B5680DA9C}.Debug|Any CPU.Build.0 = Debug|Any CPU
		{BA629D5B-0FF4-41CC-A9F7-464B5680DA9C}.Release|Any CPU.ActiveCfg = Release|Any CPU
		{BA629D5B-0FF4-41CC-A9F7-464B5680DA9C}.Release|Any CPU.Build.0 = Release|Any CPU
	EndGlobalSection
	GlobalSection(SolutionProperties) = preSolution
		HideSolutionNode = FALSE
	EndGlobalSection
EndGlobal
